
Microsoft Visual Studio Solution File, Format Version 12.00
Project("{FAE04EC0-301F-11D3-BF4B-00C04F79EFBC}") = "Waterium.Iconfont", "Waterium.Iconfont\Waterium.Iconfont.csproj", "{DA74481E-3C89-4E8D-A27C-936CFE3D65BF}"
EndProject
Global
	GlobalSection(SolutionConfigurationPlatforms) = preSolution
		Debug|Any CPU = Debug|Any CPU
		Release|Any CPU = Release|Any CPU
	EndGlobalSection
	GlobalSection(ProjectConfigurationPlatforms) = postSolution
		{DA74481E-3C89-4E8D-A27C-936CFE3D65BF}.Debug|Any CPU.ActiveCfg = Debug|Any CPU
		{DA74481E-3C89-4E8D-A27C-936CFE3D65BF}.Debug|Any CPU.Build.0 = Debug|Any CPU
		{DA74481E-3C89-4E8D-A27C-936CFE3D65BF}.Release|Any CPU.ActiveCfg = Release|Any CPU
		{DA74481E-3C89-4E8D-A27C-936CFE3D65BF}.Release|Any CPU.Build.0 = Release|Any CPU
	EndGlobalSection
EndGlobal
